// !$*UTF8*$!
{
	archiveVersion = 1;
	classes = {
	};
	objectVersion = 50;
	objects = {

/* Begin PBXBuildFile section */
		E85E7EDD27C54B23003877B2 /* AppDelegate.swift in Sources */ = {isa = PBXBuildFile; fileRef = E85E7EDC27C54B23003877B2 /* AppDelegate.swift */; };
		E85E7EDF27C54B23003877B2 /* SceneDelegate.swift in Sources */ = {isa = PBXBuildFile; fileRef = E85E7EDE27C54B23003877B2 /* SceneDelegate.swift */; };
		E85E7EE127C54B23003877B2 /* ViewController.swift in Sources */ = {isa = PBXBuildFile; fileRef = E85E7EE027C54B23003877B2 /* ViewController.swift */; };
		E85E7EE427C54B23003877B2 /* Main.storyboard in Resources */ = {isa = PBXBuildFile; fileRef = E85E7EE227C54B23003877B2 /* Main.storyboard */; };
		E85E7EE627C54B26003877B2 /* Assets.xcassets in Resources */ = {isa = PBXBuildFile; fileRef = E85E7EE527C54B26003877B2 /* Assets.xcassets */; };
		E85E7EE927C54B26003877B2 /* LaunchScreen.storyboard in Resources */ = {isa = PBXBuildFile; fileRef = E85E7EE727C54B26003877B2 /* LaunchScreen.storyboard */; };
/* End PBXBuildFile section */

/* Begin PBXFileReference section */
		E85E7ED927C54B23003877B2 /* seletorDeCores.app */ = {isa = PBXFileReference; explicitFileType = wrapper.application; includeInIndex = 0; path = seletorDeCores.app; sourceTree = BUILT_PRODUCTS_DIR; };
		E85E7EDC27C54B23003877B2 /* AppDelegate.swift */ = {isa = PBXFileReference; lastKnownFileType = sourcecode.swift; path = AppDelegate.swift; sourceTree = "<group>"; };
		E85E7EDE27C54B23003877B2 /* SceneDelegate.swift */ = {isa = PBXFileReference; lastKnownFileType = sourcecode.swift; path = SceneDelegate.swift; sourceTree = "<group>"; };
		E85E7EE027C54B23003877B2 /* ViewController.swift */ = {isa = PBXFileReference; lastKnownFileType = sourcecode.swift; path = ViewController.swift; sourceTree = "<group>"; };
		E85E7EE327C54B23003877B2 /* Base */ = {isa = PBXFileReference; lastKnownFileType = file.storyboard; name = Base; path = Base.lproj/Main.storyboard; sourceTree = "<group>"; };
		E85E7EE527C54B26003877B2 /* Assets.xcassets */ = {isa = PBXFileReference; lastKnownFileType = folder.assetcatalog; path = Assets.xcassets; sourceTree = "<group>"; };
		E85E7EE827C54B26003877B2 /* Base */ = {isa = PBXFileReference; lastKnownFileType = file.storyboard; name = Base; path = Base.lproj/LaunchScreen.storyboard; sourceTree = "<group>"; };
		E85E7EEA27C54B26003877B2 /* Info.plist */ = {isa = PBXFileReference; lastKnownFileType = text.plist.xml; path = Info.plist; sourceTree = "<group>"; };
/* End PBXFileReference section */

/* Begin PBXFrameworksBuildPhase section */
		E85E7ED627C54B23003877B2 /* Frameworks */ = {
			isa = PBXFrameworksBuildPhase;
			buildActionMask = 2147483647;
			files = (
			);
			runOnlyForDeploymentPostprocessing = 0;
		};
/* End PBXFrameworksBuildPhase section */

/* Begin PBXGroup section */
		E85E7ED027C54B23003877B2 = {
			isa = PBXGroup;
			children = (
				E85E7EDB27C54B23003877B2 /* seletorDeCores */,
				E85E7EDA27C54B23003877B2 /* Products */,
			);
			sourceTree = "<group>";
		};
		E85E7EDA27C54B23003877B2 /* Products */ = {
			isa = PBXGroup;
			children = (
				E85E7ED927C54B23003877B2 /* seletorDeCores.app */,
			);
			name = Products;
			sourceTree = "<group>";
		};
		E85E7EDB27C54B23003877B2 /* seletorDeCores */ = {
			isa = PBXGroup;
			children = (
				E85E7EDC27C54B23003877B2 /* AppDelegate.swift */,
				E85E7EDE27C54B23003877B2 /* SceneDelegate.swift */,
				E85E7EE027C54B23003877B2 /* ViewController.swift */,
				E85E7EE227C54B23003877B2 /* Main.storyboard */,
				E85E7EE527C54B26003877B2 /* Assets.xcassets */,
				E85E7EE727C54B26003877B2 /* LaunchScreen.storyboard */,
				E85E7EEA27C54B26003877B2 /* Info.plist */,
			);
			path = seletorDeCores;
			sourceTree = "<group>";
		};
/* End PBXGroup section */

/* Begin PBXNativeTarget section */
		E85E7ED827C54B23003877B2 /* seletorDeCores */ = {
			isa = PBXNativeTarget;
			buildConfigurationList = E85E7EED27C54B26003877B2 /* Build configuration list for PBXNativeTarget "seletorDeCores" */;
			buildPhases = (
				E85E7ED527C54B23003877B2 /* Sources */,
				E85E7ED627C54B23003877B2 /* Frameworks */,
				E85E7ED727C54B23003877B2 /* Resources */,
			);
			buildRules = (
			);
			dependencies = (
			);
			name = seletorDeCores;
			productName = seletorDeCores;
			productReference = E85E7ED927C54B23003877B2 /* seletorDeCores.app */;
			productType = "com.apple.product-type.application";
		};
/* End PBXNativeTarget section */

/* Begin PBXProject section */
		E85E7ED127C54B23003877B2 /* Project object */ = {
			isa = PBXProject;
			attributes = {
				LastSwiftUpdateCheck = 1130;
				LastUpgradeCheck = 1130;
				ORGANIZATIONNAME = Aluno24;
				TargetAttributes = {
					E85E7ED827C54B23003877B2 = {
						CreatedOnToolsVersion = 11.3;
					};
				};
			};
			buildConfigurationList = E85E7ED427C54B23003877B2 /* Build configuration list for PBXProject "seletorDeCores" */;
			compatibilityVersion = "Xcode 9.3";
			developmentRegion = en;
			hasScannedForEncodings = 0;
			knownRegions = (
				en,
				Base,
			);
			mainGroup = E85E7ED027C54B23003877B2;
			productRefGroup = E85E7EDA27C54B23003877B2 /* Products */;
			projectDirPath = "";
			projectRoot = "";
			targets = (
				E85E7ED827C54B23003877B2 /* seletorDeCores */,
			);
		};
/* End PBXProject section */

/* Begin PBXResourcesBuildPhase section */
		E85E7ED727C54B23003877B2 /* Resources */ = {
			isa = PBXResourcesBuildPhase;
			buildActionMask = 2147483647;
			files = (
				E85E7EE927C54B26003877B2 /* LaunchScreen.storyboard in Resources */,
				E85E7EE627C54B26003877B2 /* Assets.xcassets in Resources */,
				E85E7EE427C54B23003877B2 /* Main.storyboard in Resources */,
			);
			runOnlyForDeploymentPostprocessing = 0;
		};
/* End PBXResourcesBuildPhase section */

/* Begin PBXSourcesBuildPhase section */
		E85E7ED527C54B23003877B2 /* Sources */ = {
			isa = PBXSourcesBuildPhase;
			buildActionMask = 2147483647;
			files = (
				E85E7EE127C54B23003877B2 /* ViewController.swift in Sources */,
				E85E7EDD27C54B23003877B2 /* AppDelegate.swift in Sources */,
				E85E7EDF27C54B23003877B2 /* SceneDelegate.swift in Sources */,
			);
			runOnlyForDeploymentPostprocessing = 0;
		};
/* End PBXSourcesBuildPhase section */

/* Begin PBXVariantGroup section */
		E85E7EE227C54B23003877B2 /* Main.storyboard */ = {
			isa = PBXVariantGroup;
			children = (
				E85E7EE327C54B23003877B2 /* Base */,
			);
			name = Main.storyboard;
			sourceTree = "<group>";
		};
		E85E7EE727C54B26003877B2 /* LaunchScreen.storyboard */ = {
			isa = PBXVariantGroup;
			children = (
				E85E7EE827C54B26003877B2 /* Base */,
			);
			name = LaunchScreen.storyboard;
			sourceTree = "<group>";
		};
/* End PBXVariantGroup section */

/* Begin XCBuildConfiguration section */
		E85E7EEB27C54B26003877B2 /* Debug */ = {
			isa = XCBuildConfiguration;
			buildSettings = {
				ALWAYS_SEARCH_USER_PATHS = NO;
				CLANG_ANALYZER_NONNULL = YES;
				CLANG_ANALYZER_NUMBER_OBJECT_CONVERSION = YES_AGGRESSIVE;
				CLANG_CXX_LANGUAGE_STANDARD = "gnu++14";
				CLANG_CXX_LIBRARY = "libc++";
				CLANG_ENABLE_MODULES = YES;
				CLANG_ENABLE_OBJC_ARC = YES;
				CLANG_ENABLE_OBJC_WEAK = YES;
				CLANG_WARN_BLOCK_CAPTURE_AUTORELEASING = YES;
				CLANG_WARN_BOOL_CONVERSION = YES;
				CLANG_WARN_COMMA = YES;
				CLANG_WARN_CONSTANT_CONVERSION = YES;
				CLANG_WARN_DEPRECATED_OBJC_IMPLEMENTATIONS = YES;
				CLANG_WARN_DIRECT_OBJC_ISA_USAGE = YES_ERROR;
				CLANG_WARN_DOCUMENTATION_COMMENTS = YES;
				CLANG_WARN_EMPTY_BODY = YES;
				CLANG_WARN_ENUM_CONVERSION = YES;
				CLANG_WARN_INFINITE_RECURSION = YES;
				CLANG_WARN_INT_CONVERSION = YES;
				CLANG_WARN_NON_LITERAL_NULL_CONVERSION = YES;
				CLANG_WARN_OBJC_IMPLICIT_RETAIN_SELF = YES;
				CLANG_WARN_OBJC_LITERAL_CONVERSION = YES;
				CLANG_WARN_OBJC_ROOT_CLASS = YES_ERROR;
				CLANG_WARN_RANGE_LOOP_ANALYSIS = YES;
				CLANG_WARN_STRICT_PROTOTYPES = YES;
				CLANG_WARN_SUSPICIOUS_MOVE = YES;
				CLANG_WARN_UNGUARDED_AVAILABILITY = YES_AGGRESSIVE;
				CLANG_WARN_UNREACHABLE_CODE = YES;
				CLANG_WARN__DUPLICATE_METHOD_MATCH = YES;
				COPY_PHASE_STRIP = NO;
				DEBUG_INFORMATION_FORMAT = dwarf;
				ENABLE_STRICT_OBJC_MSGSEND = YES;
				ENABLE_TESTABILITY = YES;
				GCC_C_LANGUAGE_STANDARD = gnu11;
				GCC_DYNAMIC_NO_PIC = NO;
				GCC_NO_COMMON_BLOCKS = YES;
				GCC_OPTIMIZATION_LEVEL = 0;
				GCC_PREPROCESSOR_DEFINITIONS = (
					"DEBUG=1",
					"$(inherited)",
				);
				GCC_WARN_64_TO_32_BIT_CONVERSION = YES;
				GCC_WARN_ABOUT_RETURN_TYPE = YES_ERROR;
				GCC_WARN_UNDECLARED_SELECTOR = YES;
				GCC_WARN_UNINITIALIZED_AUTOS = YES_AGGRESSIVE;
				GCC_WARN_UNUSED_FUNCTION = YES;
				GCC_WARN_UNUSED_VARIABLE = YES;
				IPHONEOS_DEPLOYMENT_TARGET = 13.2;
				MTL_ENABLE_DEBUG_INFO = INCLUDE_SOURCE;
				MTL_FAST_MATH = YES;
				ONLY_ACTIVE_ARCH = YES;
				SDKROOT = iphoneos;
				SWIFT_ACTIVE_COMPILATION_CONDITIONS = DEBUG;
				SWIFT_OPTIMIZATION_LEVEL = "-Onone";
			};
			name = Debug;
		};
		E85E7EEC27C54B26003877B2 /* Release */ = {
			isa = XCBuildConfiguration;
			buildSettings = {
				ALWAYS_SEARCH_USER_PATHS = NO;
				CLANG_ANALYZER_NONNULL = YES;
				CLANG_ANALYZER_NUMBER_OBJECT_CONVERSION = YES_AGGRESSIVE;
				CLANG_CXX_LANGUAGE_STANDARD = "gnu++14";
				CLANG_CXX_LIBRARY = "libc++";
				CLANG_ENABLE_MODULES = YES;
				CLANG_ENABLE_OBJC_ARC = YES;
				CLANG_ENABLE_OBJC_WEAK = YES;
				CLANG_WARN_BLOCK_CAPTURE_AUTORELEASING = YES;
				CLANG_WARN_BOOL_CONVERSION = YES;
				CLANG_WARN_COMMA = YES;
				CLANG_WARN_CONSTANT_CONVERSION = YES;
				CLANG_WARN_DEPRECATED_OBJC_IMPLEMENTATIONS = YES;
				CLANG_WARN_DIRECT_OBJC_ISA_USAGE = YES_ERROR;
				CLANG_WARN_DOCUMENTATION_COMMENTS = YES;
				CLANG_WARN_EMPTY_BODY = YES;
				CLANG_WARN_ENUM_CONVERSION = YES;
				CLANG_WARN_INFINITE_RECURSION = YES;
				CLANG_WARN_INT_CONVERSION = YES;
				CLANG_WARN_NON_LITERAL_NULL_CONVERSION = YES;
				CLANG_WARN_OBJC_IMPLICIT_RETAIN_SELF = YES;
				CLANG_WARN_OBJC_LITERAL_CONVERSION = YES;
				CLANG_WARN_OBJC_ROOT_CLASS = YES_ERROR;
				CLANG_WARN_RANGE_LOOP_ANALYSIS = YES;
				CLANG_WARN_STRICT_PROTOTYPES = YES;
				CLANG_WARN_SUSPICIOUS_MOVE = YES;
				CLANG_WARN_UNGUARDED_AVAILABILITY = YES_AGGRESSIVE;
				CLANG_WARN_UNREACHABLE_CODE = YES;
				CLANG_WARN__DUPLICATE_METHOD_MATCH = YES;
				COPY_PHASE_STRIP = NO;
				DEBUG_INFORMATION_FORMAT = "dwarf-with-dsym";
				ENABLE_NS_ASSERTIONS = NO;
				ENABLE_STRICT_OBJC_MSGSEND = YES;
				GCC_C_LANGUAGE_STANDARD = gnu11;
				GCC_NO_COMMON_BLOCKS = YES;
				GCC_WARN_64_TO_32_BIT_CONVERSION = YES;
				GCC_WARN_ABOUT_RETURN_TYPE = YES_ERROR;
				GCC_WARN_UNDECLARED_SELECTOR = YES;
				GCC_WARN_UNINITIALIZED_AUTOS = YES_AGGRESSIVE;
				GCC_WARN_UNUSED_FUNCTION = YES;
				GCC_WARN_UNUSED_VARIABLE = YES;
				IPHONEOS_DEPLOYMENT_TARGET = 13.2;
				MTL_ENABLE_DEBUG_INFO = NO;
				MTL_FAST_MATH = YES;
				SDKROOT = iphoneos;
				SWIFT_COMPILATION_MODE = wholemodule;
				SWIFT_OPTIMIZATION_LEVEL = "-O";
				VALIDATE_PRODUCT = YES;
			};
			name = Release;
		};
		E85E7EEE27C54B26003877B2 /* Debug */ = {
			isa = XCBuildConfiguration;
			buildSettings = {
				ASSETCATALOG_COMPILER_APPICON_NAME = AppIcon;
				CODE_SIGN_STYLE = Automatic;
				INFOPLIST_FILE = seletorDeCores/Info.plist;
				LD_RUNPATH_SEARCH_PATHS = (
					"$(inherited)",
					"@executable_path/Frameworks",
				);
				PRODUCT_BUNDLE_IDENTIFIER = com.eldorado.seletorDeCores;
				PRODUCT_NAME = "$(TARGET_NAME)";
				SWIFT_VERSION = 5.0;
				TARGETED_DEVICE_FAMILY = "1,2";
			};
			name = Debug;
		};
		E85E7EEF27C54B26003877B2 /* Release */ = {
			isa = XCBuildConfiguration;
			buildSettings = {
				ASSETCATALOG_COMPILER_APPICON_NAME = AppIcon;
				CODE_SIGN_STYLE = Automatic;
				INFOPLIST_FILE = seletorDeCores/Info.plist;
				LD_RUNPATH_SEARCH_PATHS = (
					"$(inherited)",
					"@executable_path/Frameworks",
				);
				PRODUCT_BUNDLE_IDENTIFIER = com.eldorado.seletorDeCores;
				PRODUCT_NAME = "$(TARGET_NAME)";
				SWIFT_VERSION = 5.0;
				TARGETED_DEVICE_FAMILY = "1,2";
			};
			name = Release;
		};
/* End XCBuildConfiguration section */

/* Begin XCConfigurationList section */
		E85E7ED427C54B23003877B2 /* Build configuration list for PBXProject "seletorDeCores" */ = {
			isa = XCConfigurationList;
			buildConfigurations = (
				E85E7EEB27C54B26003877B2 /* Debug */,
				E85E7EEC27C54B26003877B2 /* Release */,
			);
			defaultConfigurationIsVisible = 0;
			defaultConfigurationName = Release;
		};
		E85E7EED27C54B26003877B2 /* Build configuration list for PBXNativeTarget "seletorDeCores" */ = {
			isa = XCConfigurationList;
			buildConfigurations = (
				E85E7EEE27C54B26003877B2 /* Debug */,
				E85E7EEF27C54B26003877B2 /* Release */,
			);
			defaultConfigurationIsVisible = 0;
			defaultConfigurationName = Release;
		};
/* End XCConfigurationList section */
	};
	rootObject = E85E7ED127C54B23003877B2 /* Project object */;
}
